// !$*UTF8*$!
{
	archiveVersion = 1;
	classes = {
	};
	objectVersion = 46;
	objects = {

/* Begin PBXBuildFile section */
		896A23F71D96396E009B1A9C /* AppDelegate.swift in Sources */ = {isa = PBXBuildFile; fileRef = 896A23F61D96396E009B1A9C /* AppDelegate.swift */; };
		896A23F91D96396E009B1A9C /* ViewController.swift in Sources */ = {isa = PBXBuildFile; fileRef = 896A23F81D96396E009B1A9C /* ViewController.swift */; };
		896A23FC1D96396E009B1A9C /* Main.storyboard in Resources */ = {isa = PBXBuildFile; fileRef = 896A23FA1D96396E009B1A9C /* Main.storyboard */; };
		896A23FE1D96396E009B1A9C /* Assets.xcassets in Resources */ = {isa = PBXBuildFile; fileRef = 896A23FD1D96396E009B1A9C /* Assets.xcassets */; };
		896A24011D96396E009B1A9C /* LaunchScreen.storyboard in Resources */ = {isa = PBXBuildFile; fileRef = 896A23FF1D96396E009B1A9C /* LaunchScreen.storyboard */; };
		CDFE69CB0B5B1F0C30F92604 /* Pods_Encryption_Challenge.framework in Frameworks */ = {isa = PBXBuildFile; fileRef = 43468FEE572EE944B6BDFC69 /* Pods_Encryption_Challenge.framework */; };
/* End PBXBuildFile section */

/* Begin PBXFileReference section */
		43468FEE572EE944B6BDFC69 /* Pods_Encryption_Challenge.framework */ = {isa = PBXFileReference; explicitFileType = wrapper.framework; includeInIndex = 0; path = Pods_Encryption_Challenge.framework; sourceTree = BUILT_PRODUCTS_DIR; };
		896A23F31D96396E009B1A9C /* Encryption-Challenge.app */ = {isa = PBXFileReference; explicitFileType = wrapper.application; includeInIndex = 0; path = "Encryption-Challenge.app"; sourceTree = BUILT_PRODUCTS_DIR; };
		896A23F61D96396E009B1A9C /* AppDelegate.swift */ = {isa = PBXFileReference; lastKnownFileType = sourcecode.swift; path = AppDelegate.swift; sourceTree = "<group>"; };
		896A23F81D96396E009B1A9C /* ViewController.swift */ = {isa = PBXFileReference; lastKnownFileType = sourcecode.swift; path = ViewController.swift; sourceTree = "<group>"; };
		896A23FB1D96396E009B1A9C /* Base */ = {isa = PBXFileReference; lastKnownFileType = file.storyboard; name = Base; path = Base.lproj/Main.storyboard; sourceTree = "<group>"; };
		896A23FD1D96396E009B1A9C /* Assets.xcassets */ = {isa = PBXFileReference; lastKnownFileType = folder.assetcatalog; path = Assets.xcassets; sourceTree = "<group>"; };
		896A24001D96396E009B1A9C /* Base */ = {isa = PBXFileReference; lastKnownFileType = file.storyboard; name = Base; path = Base.lproj/LaunchScreen.storyboard; sourceTree = "<group>"; };
		896A24021D96396E009B1A9C /* Info.plist */ = {isa = PBXFileReference; lastKnownFileType = text.plist.xml; path = Info.plist; sourceTree = "<group>"; };
		F0149D7A11EBA84B9F3606CD /* Pods-Encryption-Challenge.debug.xcconfig */ = {isa = PBXFileReference; includeInIndex = 1; lastKnownFileType = text.xcconfig; name = "Pods-Encryption-Challenge.debug.xcconfig"; path = "Pods/Target Support Files/Pods-Encryption-Challenge/Pods-Encryption-Challenge.debug.xcconfig"; sourceTree = "<group>"; };
		F1C9C08E999AFA0686AB995F /* Pods-Encryption-Challenge.release.xcconfig */ = {isa = PBXFileReference; includeInIndex = 1; lastKnownFileType = text.xcconfig; name = "Pods-Encryption-Challenge.release.xcconfig"; path = "Pods/Target Support Files/Pods-Encryption-Challenge/Pods-Encryption-Challenge.release.xcconfig"; sourceTree = "<group>"; };
/* End PBXFileReference section */

/* Begin PBXFrameworksBuildPhase section */
		896A23F01D96396E009B1A9C /* Frameworks */ = {
			isa = PBXFrameworksBuildPhase;
			buildActionMask = 2147483647;
			files = (
				CDFE69CB0B5B1F0C30F92604 /* Pods_Encryption_Challenge.framework in Frameworks */,
			);
			runOnlyForDeploymentPostprocessing = 0;
		};
/* End PBXFrameworksBuildPhase section */

/* Begin PBXGroup section */
		896A23EA1D96396E009B1A9C = {
			isa = PBXGroup;
			children = (
				896A23F51D96396E009B1A9C /* Encryption-Challenge */,
				896A23F41D96396E009B1A9C /* Products */,
				977144AB0F5444330FADD6EB /* Pods */,
				97FF1082084E14115A73098B /* Frameworks */,
			);
			sourceTree = "<group>";
		};
		896A23F41D96396E009B1A9C /* Products */ = {
			isa = PBXGroup;
			children = (
				896A23F31D96396E009B1A9C /* Encryption-Challenge.app */,
			);
			name = Products;
			sourceTree = "<group>";
		};
		896A23F51D96396E009B1A9C /* Encryption-Challenge */ = {
			isa = PBXGroup;
			children = (
				896A23F61D96396E009B1A9C /* AppDelegate.swift */,
				896A23F81D96396E009B1A9C /* ViewController.swift */,
				896A23FA1D96396E009B1A9C /* Main.storyboard */,
				896A23FD1D96396E009B1A9C /* Assets.xcassets */,
				896A23FF1D96396E009B1A9C /* LaunchScreen.storyboard */,
				896A24021D96396E009B1A9C /* Info.plist */,
			);
			path = "Encryption-Challenge";
			sourceTree = "<group>";
		};
		977144AB0F5444330FADD6EB /* Pods */ = {
			isa = PBXGroup;
			children = (
				F0149D7A11EBA84B9F3606CD /* Pods-Encryption-Challenge.debug.xcconfig */,
				F1C9C08E999AFA0686AB995F /* Pods-Encryption-Challenge.release.xcconfig */,
			);
			name = Pods;
			sourceTree = "<group>";
		};
		97FF1082084E14115A73098B /* Frameworks */ = {
			isa = PBXGroup;
			children = (
				43468FEE572EE944B6BDFC69 /* Pods_Encryption_Challenge.framework */,
			);
			name = Frameworks;
			sourceTree = "<group>";
		};
/* End PBXGroup section */

/* Begin PBXNativeTarget section */
		896A23F21D96396E009B1A9C /* Encryption-Challenge */ = {
			isa = PBXNativeTarget;
			buildConfigurationList = 896A24051D96396E009B1A9C /* Build configuration list for PBXNativeTarget "Encryption-Challenge" */;
			buildPhases = (
				6F722364C2B398F13B23D464 /* [CP] Check Pods Manifest.lock */,
				896A23EF1D96396E009B1A9C /* Sources */,
				896A23F01D96396E009B1A9C /* Frameworks */,
				896A23F11D96396E009B1A9C /* Resources */,
				05BDEFCACB464A64EE3CCFA8 /* [CP] Embed Pods Frameworks */,
				BB4980D2DF87429735188D3F /* [CP] Copy Pods Resources */,
			);
			buildRules = (
			);
			dependencies = (
			);
			name = "Encryption-Challenge";
			productName = "Encryption-Challenge";
			productReference = 896A23F31D96396E009B1A9C /* Encryption-Challenge.app */;
			productType = "com.apple.product-type.application";
		};
/* End PBXNativeTarget section */

/* Begin PBXProject section */
		896A23EB1D96396E009B1A9C /* Project object */ = {
			isa = PBXProject;
			attributes = {
				LastSwiftUpdateCheck = 0800;
				LastUpgradeCheck = 0800;
				ORGANIZATIONNAME = "Arnav Gudibande";
				TargetAttributes = {
					896A23F21D96396E009B1A9C = {
						CreatedOnToolsVersion = 8.0;
						DevelopmentTeam = 644K27Q47A;
						ProvisioningStyle = Automatic;
					};
				};
			};
			buildConfigurationList = 896A23EE1D96396E009B1A9C /* Build configuration list for PBXProject "Encryption-Challenge" */;
			compatibilityVersion = "Xcode 3.2";
			developmentRegion = English;
			hasScannedForEncodings = 0;
			knownRegions = (
				en,
				Base,
			);
			mainGroup = 896A23EA1D96396E009B1A9C;
			productRefGroup = 896A23F41D96396E009B1A9C /* Products */;
			projectDirPath = "";
			projectRoot = "";
			targets = (
				896A23F21D96396E009B1A9C /* Encryption-Challenge */,
			);
		};
/* End PBXProject section */

/* Begin PBXResourcesBuildPhase section */
		896A23F11D96396E009B1A9C /* Resources */ = {
			isa = PBXResourcesBuildPhase;
			buildActionMask = 2147483647;
			files = (
				896A24011D96396E009B1A9C /* LaunchScreen.storyboard in Resources */,
				896A23FE1D96396E009B1A9C /* Assets.xcassets in Resources */,
				896A23FC1D96396E009B1A9C /* Main.storyboard in Resources */,
			);
			runOnlyForDeploymentPostprocessing = 0;
		};
/* End PBXResourcesBuildPhase section */

/* Begin PBXShellScriptBuildPhase section */
		05BDEFCACB464A64EE3CCFA8 /* [CP] Embed Pods Frameworks */ = {
			isa = PBXShellScriptBuildPhase;
			buildActionMask = 2147483647;
			files = (
			);
			inputPaths = (
			);
			name = "[CP] Embed Pods Frameworks";
			outputPaths = (
			);
			runOnlyForDeploymentPostprocessing = 0;
			shellPath = /bin/sh;
			shellScript = "\"${SRCROOT}/Pods/Target Support Files/Pods-Encryption-Challenge/Pods-Encryption-Challenge-frameworks.sh\"\n";
			showEnvVarsInLog = 0;
		};
		6F722364C2B398F13B23D464 /* [CP] Check Pods Manifest.lock */ = {
			isa = PBXShellScriptBuildPhase;
			buildActionMask = 2147483647;
			files = (
			);
			inputPaths = (
			);
			name = "[CP] Check Pods Manifest.lock";
			outputPaths = (
			);
			runOnlyForDeploymentPostprocessing = 0;
			shellPath = /bin/sh;
			shellScript = "diff \"${PODS_ROOT}/../Podfile.lock\" \"${PODS_ROOT}/Manifest.lock\" > /dev/null\nif [[ $? != 0 ]] ; then\n    cat << EOM\nerror: The sandbox is not in sync with the Podfile.lock. Run 'pod install' or update your CocoaPods installation.\nEOM\n    exit 1\nfi\n";
			showEnvVarsInLog = 0;
		};
		BB4980D2DF87429735188D3F /* [CP] Copy Pods Resources */ = {
			isa = PBXShellScriptBuildPhase;
			buildActionMask = 2147483647;
			files = (
			);
			inputPaths = (
			);
			name = "[CP] Copy Pods Resources";
			outputPaths = (
			);
			runOnlyForDeploymentPostprocessing = 0;
			shellPath = /bin/sh;
			shellScript = "\"${SRCROOT}/Pods/Target Support Files/Pods-Encryption-Challenge/Pods-Encryption-Challenge-resources.sh\"\n";
			showEnvVarsInLog = 0;
		};
/* End PBXShellScriptBuildPhase section */

/* Begin PBXSourcesBuildPhase section */
		896A23EF1D96396E009B1A9C /* Sources */ = {
			isa = PBXSourcesBuildPhase;
			buildActionMask = 2147483647;
			files = (
				896A23F91D96396E009B1A9C /* ViewController.swift in Sources */,
				896A23F71D96396E009B1A9C /* AppDelegate.swift in Sources */,
			);
			runOnlyForDeploymentPostprocessing = 0;
		};
/* End PBXSourcesBuildPhase section */

/* Begin PBXVariantGroup section */
		896A23FA1D96396E009B1A9C /* Main.storyboard */ = {
			isa = PBXVariantGroup;
			children = (
				896A23FB1D96396E009B1A9C /* Base */,
			);
			name = Main.storyboard;
			sourceTree = "<group>";
		};
		896A23FF1D96396E009B1A9C /* LaunchScreen.storyboard */ = {
			isa = PBXVariantGroup;
			children = (
				896A24001D96396E009B1A9C /* Base */,
			);
			name = LaunchScreen.storyboard;
			sourceTree = "<group>";
		};
/* End PBXVariantGroup section */

/* Begin XCBuildConfiguration section */
		896A24031D96396E009B1A9C /* Debug */ = {
			isa = XCBuildConfiguration;
			buildSettings = {
				ALWAYS_SEARCH_USER_PATHS = NO;
				CLANG_ANALYZER_NONNULL = YES;
				CLANG_CXX_LANGUAGE_STANDARD = "gnu++0x";
				CLANG_CXX_LIBRARY = "libc++";
				CLANG_ENABLE_MODULES = YES;
				CLANG_ENABLE_OBJC_ARC = YES;
				CLANG_WARN_BOOL_CONVERSION = YES;
				CLANG_WARN_CONSTANT_CONVERSION = YES;
				CLANG_WARN_DIRECT_OBJC_ISA_USAGE = YES_ERROR;
				CLANG_WARN_DOCUMENTATION_COMMENTS = YES;
				CLANG_WARN_EMPTY_BODY = YES;
				CLANG_WARN_ENUM_CONVERSION = YES;
				CLANG_WARN_INFINITE_RECURSION = YES;
				CLANG_WARN_INT_CONVERSION = YES;
				CLANG_WARN_OBJC_ROOT_CLASS = YES_ERROR;
				CLANG_WARN_SUSPICIOUS_MOVE = YES;
				CLANG_WARN_SUSPICIOUS_MOVES = YES;
				CLANG_WARN_UNREACHABLE_CODE = YES;
				CLANG_WARN__DUPLICATE_METHOD_MATCH = YES;
				"CODE_SIGN_IDENTITY[sdk=iphoneos*]" = "iPhone Developer";
				COPY_PHASE_STRIP = NO;
				DEBUG_INFORMATION_FORMAT = dwarf;
				ENABLE_STRICT_OBJC_MSGSEND = YES;
				ENABLE_TESTABILITY = YES;
				GCC_C_LANGUAGE_STANDARD = gnu99;
				GCC_DYNAMIC_NO_PIC = NO;
				GCC_NO_COMMON_BLOCKS = YES;
				GCC_OPTIMIZATION_LEVEL = 0;
				GCC_PREPROCESSOR_DEFINITIONS = (
					"DEBUG=1",
					"$(inherited)",
				);
				GCC_WARN_64_TO_32_BIT_CONVERSION = YES;
				GCC_WARN_ABOUT_RETURN_TYPE = YES_ERROR;
				GCC_WARN_UNDECLARED_SELECTOR = YES;
				GCC_WARN_UNINITIALIZED_AUTOS = YES_AGGRESSIVE;
				GCC_WARN_UNUSED_FUNCTION = YES;
				GCC_WARN_UNUSED_VARIABLE = YES;
				IPHONEOS_DEPLOYMENT_TARGET = 10.0;
				MTL_ENABLE_DEBUG_INFO = YES;
				ONLY_ACTIVE_ARCH = YES;
				SDKROOT = iphoneos;
				SWIFT_ACTIVE_COMPILATION_CONDITIONS = DEBUG;
				SWIFT_OPTIMIZATION_LEVEL = "-Onone";
			};
			name = Debug;
		};
		896A24041D96396E009B1A9C /* Release */ = {
			isa = XCBuildConfiguration;
			buildSettings = {
				ALWAYS_SEARCH_USER_PATHS = NO;
				CLANG_ANALYZER_NONNULL = YES;
				CLANG_CXX_LANGUAGE_STANDARD = "gnu++0x";
				CLANG_CXX_LIBRARY = "libc++";
				CLANG_ENABLE_MODULES = YES;
				CLANG_ENABLE_OBJC_ARC = YES;
				CLANG_WARN_BOOL_CONVERSION = YES;
				CLANG_WARN_CONSTANT_CONVERSION = YES;
				CLANG_WARN_DIRECT_OBJC_ISA_USAGE = YES_ERROR;
				CLANG_WARN_DOCUMENTATION_COMMENTS = YES;
				CLANG_WARN_EMPTY_BODY = YES;
				CLANG_WARN_ENUM_CONVERSION = YES;
				CLANG_WARN_INFINITE_RECURSION = YES;
				CLANG_WARN_INT_CONVERSION = YES;
				CLANG_WARN_OBJC_ROOT_CLASS = YES_ERROR;
				CLANG_WARN_SUSPICIOUS_MOVE = YES;
				CLANG_WARN_SUSPICIOUS_MOVES = YES;
				CLANG_WARN_UNREACHABLE_CODE = YES;
				CLANG_WARN__DUPLICATE_METHOD_MATCH = YES;
				"CODE_SIGN_IDENTITY[sdk=iphoneos*]" = "iPhone Developer";
				COPY_PHASE_STRIP = NO;
				DEBUG_INFORMATION_FORMAT = "dwarf-with-dsym";
				ENABLE_NS_ASSERTIONS = NO;
				ENABLE_STRICT_OBJC_MSGSEND = YES;
				GCC_C_LANGUAGE_STANDARD = gnu99;
				GCC_NO_COMMON_BLOCKS = YES;
				GCC_WARN_64_TO_32_BIT_CONVERSION = YES;
				GCC_WARN_ABOUT_RETURN_TYPE = YES_ERROR;
				GCC_WARN_UNDECLARED_SELECTOR = YES;
				GCC_WARN_UNINITIALIZED_AUTOS = YES_AGGRESSIVE;
				GCC_WARN_UNUSED_FUNCTION = YES;
				GCC_WARN_UNUSED_VARIABLE = YES;
				IPHONEOS_DEPLOYMENT_TARGET = 10.0;
				MTL_ENABLE_DEBUG_INFO = NO;
				SDKROOT = iphoneos;
				SWIFT_OPTIMIZATION_LEVEL = "-Owholemodule";
				VALIDATE_PRODUCT = YES;
			};
			name = Release;
		};
		896A24061D96396E009B1A9C /* Debug */ = {
			isa = XCBuildConfiguration;
			baseConfigurationReference = F0149D7A11EBA84B9F3606CD /* Pods-Encryption-Challenge.debug.xcconfig */;
			buildSettings = {
				ALWAYS_EMBED_SWIFT_STANDARD_LIBRARIES = YES;
				ASSETCATALOG_COMPILER_APPICON_NAME = AppIcon;
				DEVELOPMENT_TEAM = 644K27Q47A;
				INFOPLIST_FILE = "Encryption-Challenge/Info.plist";
				LD_RUNPATH_SEARCH_PATHS = "$(inherited) @executable_path/Frameworks";
				PRODUCT_BUNDLE_IDENTIFIER = "Arnav-Gudibande.Encryption-Challenge";
				PRODUCT_NAME = "$(TARGET_NAME)";
				SWIFT_VERSION = 3.0;
			};
			name = Debug;
		};
		896A24071D96396E009B1A9C /* Release */ = {
			isa = XCBuildConfiguration;
			baseConfigurationReference = F1C9C08E999AFA0686AB995F /* Pods-Encryption-Challenge.release.xcconfig */;
			buildSettings = {
				ALWAYS_EMBED_SWIFT_STANDARD_LIBRARIES = YES;
				ASSETCATALOG_COMPILER_APPICON_NAME = AppIcon;
				DEVELOPMENT_TEAM = 644K27Q47A;
				INFOPLIST_FILE = "Encryption-Challenge/Info.plist";
				LD_RUNPATH_SEARCH_PATHS = "$(inherited) @executable_path/Frameworks";
				PRODUCT_BUNDLE_IDENTIFIER = "Arnav-Gudibande.Encryption-Challenge";
				PRODUCT_NAME = "$(TARGET_NAME)";
				SWIFT_VERSION = 3.0;
			};
			name = Release;
		};
/* End XCBuildConfiguration section */

/* Begin XCConfigurationList section */
		896A23EE1D96396E009B1A9C /* Build configuration list for PBXProject "Encryption-Challenge" */ = {
			isa = XCConfigurationList;
			buildConfigurations = (
				896A24031D96396E009B1A9C /* Debug */,
				896A24041D96396E009B1A9C /* Release */,
			);
			defaultConfigurationIsVisible = 0;
			defaultConfigurationName = Release;
		};
		896A24051D96396E009B1A9C /* Build configuration list for PBXNativeTarget "Encryption-Challenge" */ = {
			isa = XCConfigurationList;
			buildConfigurations = (
				896A24061D96396E009B1A9C /* Debug */,
				896A24071D96396E009B1A9C /* Release */,
			);
			defaultConfigurationIsVisible = 0;
			defaultConfigurationName = Release;
		};
/* End XCConfigurationList section */
	};
	rootObject = 896A23EB1D96396E009B1A9C /* Project object */;
}
